
Microsoft Visual Studio Solution File, Format Version 12.00
# Visual Studio Version 17
VisualStudioVersion = 17.14.37502.11
MinimumVisualStudioVersion = 10.0.40219.1
Project("{FAE04EC0-301F-11D3-BF4B-00C04F79EFBC}") = "jlcUtils", "jlcUtils.csproj", "{1974E87D-BC79-D977-A54E-CF55E7889633}"
EndProject
Project("{2150E333-8FDC-42A3-9474-1A3956D46DE8}") = "Solution Items", "Solution Items", "{8EC462FD-D22E-90A8-E5CE-7E832BA40C5D}"
EndProject
Global
	GlobalSection(SolutionConfigurationPlatforms) = preSolution
		Debug|Any CPU = Debug|Any CPU
		Release|Any CPU = Release|Any CPU
	EndGlobalSection
	GlobalSection(ProjectConfigurationPlatforms) = postSolution
		{1974E87D-BC79-D977-A54E-CF55E7889633}.Debug|Any CPU.ActiveCfg = Debug|Any CPU
		{1974E87D-BC79-D977-A54E-CF55E7889633}.Debug|Any CPU.Build.0 = Debug|Any CPU
		{1974E87D-BC79-D977-A54E-CF55E7889633}.Release|Any CPU.ActiveCfg = Release|Any CPU
		{1974E87D-BC79-D977-A54E-CF55E7889633}.Release|Any CPU.Build.0 = Release|Any CPU
	EndGlobalSection
	GlobalSection(SolutionProperties) = preSolution
		HideSolutionNode = FALSE
	EndGlobalSection
	GlobalSection(ExtensibilityGlobals) = postSolution
		SolutionGuid = {D670C7DE-DBEC-487A-B486-0CDBEA10B222}
	EndGlobalSection
EndGlobal
